
Microsoft Visual Studio Solution File, Format Version 12.00
# Visual Studio 2015
Project("{FAE04EC0-301F-11D3-BF4B-00C04F79EFBC}") = "GihubTest.CSharp", "GihubTest.CSharp.csproj", "{FCD179A8-2C3F-99B7-D39E-A8DA1C22389A}"
EndProject
Global
	GlobalSection(SolutionConfigurationPlatforms) = preSolution
		Debug|Any CPU = Debug|Any CPU
		Release|Any CPU = Release|Any CPU
	EndGlobalSection
	GlobalSection(ProjectConfigurationPlatforms) = postSolution
		{FCD179A8-2C3F-99B7-D39E-A8DA1C22389A}.Debug|Any CPU.ActiveCfg = Debug|Any CPU
		{FCD179A8-2C3F-99B7-D39E-A8DA1C22389A}.Debug|Any CPU.Build.0 = Debug|Any CPU
		{FCD179A8-2C3F-99B7-D39E-A8DA1C22389A}.Release|Any CPU.ActiveCfg = Release|Any CPU
		{FCD179A8-2C3F-99B7-D39E-A8DA1C22389A}.Release|Any CPU.Build.0 = Release|Any CPU
	EndGlobalSection
	GlobalSection(SolutionProperties) = preSolution
		HideSolutionNode = FALSE
	EndGlobalSection
EndGlobal
